
Microsoft Visual Studio Solution File, Format Version 12.00
# Visual Studio Version 17
VisualStudioVersion = 17.3.32929.385
MinimumVisualStudioVersion = 10.0.40219.1
Project("{9A19103F-16F7-4668-BE54-9A1E7A4F7556}") = "ExampleApi", "ExampleApi\ExampleApi.csproj", "{83A441CD-0663-4F0C-B6D9-C37E66095100}"
EndProject
Project("{9A19103F-16F7-4668-BE54-9A1E7A4F7556}") = "ExampleApi.Tests", "ExampleApi.Tests\ExampleApi.Tests.csproj", "{0A6CCD8B-0F9B-486D-AC24-2C838616C9E8}"
EndProject
Project("{9A19103F-16F7-4668-BE54-9A1E7A4F7556}") = "Verify.MongoDB", "..\Verify.MongoDB\Verify.MongoDB\Verify.MongoDB.csproj", "{9BA97F8F-C27A-4510-A2C7-97527441611C}"
EndProject
Global
	GlobalSection(SolutionConfigurationPlatforms) = preSolution
		Debug|Any CPU = Debug|Any CPU
		Release|Any CPU = Release|Any CPU
	EndGlobalSection
	GlobalSection(ProjectConfigurationPlatforms) = postSolution
		{83A441CD-0663-4F0C-B6D9-C37E66095100}.Debug|Any CPU.ActiveCfg = Debug|Any CPU
		{83A441CD-0663-4F0C-B6D9-C37E66095100}.Debug|Any CPU.Build.0 = Debug|Any CPU
		{83A441CD-0663-4F0C-B6D9-C37E66095100}.Release|Any CPU.ActiveCfg = Release|Any CPU
		{83A441CD-0663-4F0C-B6D9-C37E66095100}.Release|Any CPU.Build.0 = Release|Any CPU
		{0A6CCD8B-0F9B-486D-AC24-2C838616C9E8}.Debug|Any CPU.ActiveCfg = Debug|Any CPU
		{0A6CCD8B-0F9B-486D-AC24-2C838616C9E8}.Debug|Any CPU.Build.0 = Debug|Any CPU
		{0A6CCD8B-0F9B-486D-AC24-2C838616C9E8}.Release|Any CPU.ActiveCfg = Release|Any CPU
		{0A6CCD8B-0F9B-486D-AC24-2C838616C9E8}.Release|Any CPU.Build.0 = Release|Any CPU
		{9BA97F8F-C27A-4510-A2C7-97527441611C}.Debug|Any CPU.ActiveCfg = Debug|Any CPU
		{9BA97F8F-C27A-4510-A2C7-97527441611C}.Debug|Any CPU.Build.0 = Debug|Any CPU
		{9BA97F8F-C27A-4510-A2C7-97527441611C}.Release|Any CPU.ActiveCfg = Release|Any CPU
		{9BA97F8F-C27A-4510-A2C7-97527441611C}.Release|Any CPU.Build.0 = Release|Any CPU
	EndGlobalSection
	GlobalSection(SolutionProperties) = preSolution
		HideSolutionNode = FALSE
	EndGlobalSection
	GlobalSection(ExtensibilityGlobals) = postSolution
		SolutionGuid = {622AFE6F-D46D-4F11-9360-F5BB23AFF10B}
	EndGlobalSection
EndGlobal
